
Microsoft Visual Studio Solution File, Format Version 12.00
# Visual Studio 15
VisualStudioVersion = 15.0.27428.2005
MinimumVisualStudioVersion = 10.0.40219.1
Project("{FAE04EC0-301F-11D3-BF4B-00C04F79EFBC}") = "PooVueling", "PooVueling\PooVueling.csproj", "{A2FEE5C8-0FB0-4AC5-9298-AC66311379B7}"
EndProject
Project("{FAE04EC0-301F-11D3-BF4B-00C04F79EFBC}") = "PooVuelingTests", "PooVuelingTests\PooVuelingTests.csproj", "{21683C71-F3C0-400B-91E2-59B4ED64549D}"
EndProject
Project("{FAE04EC0-301F-11D3-BF4B-00C04F79EFBC}") = "PooVuelingXunitTests", "PooVuelingXunitTests\PooVuelingXunitTests.csproj", "{EBBB7BF7-C65D-4D59-A7A6-F70E0FFDD7E1}"
EndProject
Global
	GlobalSection(SolutionConfigurationPlatforms) = preSolution
		Debug|Any CPU = Debug|Any CPU
		Release|Any CPU = Release|Any CPU
	EndGlobalSection
	GlobalSection(ProjectConfigurationPlatforms) = postSolution
		{A2FEE5C8-0FB0-4AC5-9298-AC66311379B7}.Debug|Any CPU.ActiveCfg = Debug|Any CPU
		{A2FEE5C8-0FB0-4AC5-9298-AC66311379B7}.Debug|Any CPU.Build.0 = Debug|Any CPU
		{A2FEE5C8-0FB0-4AC5-9298-AC66311379B7}.Release|Any CPU.ActiveCfg = Release|Any CPU
		{A2FEE5C8-0FB0-4AC5-9298-AC66311379B7}.Release|Any CPU.Build.0 = Release|Any CPU
		{21683C71-F3C0-400B-91E2-59B4ED64549D}.Debug|Any CPU.ActiveCfg = Debug|Any CPU
		{21683C71-F3C0-400B-91E2-59B4ED64549D}.Debug|Any CPU.Build.0 = Debug|Any CPU
		{21683C71-F3C0-400B-91E2-59B4ED64549D}.Release|Any CPU.ActiveCfg = Release|Any CPU
		{21683C71-F3C0-400B-91E2-59B4ED64549D}.Release|Any CPU.Build.0 = Release|Any CPU
		{EBBB7BF7-C65D-4D59-A7A6-F70E0FFDD7E1}.Debug|Any CPU.ActiveCfg = Debug|Any CPU
		{EBBB7BF7-C65D-4D59-A7A6-F70E0FFDD7E1}.Debug|Any CPU.Build.0 = Debug|Any CPU
		{EBBB7BF7-C65D-4D59-A7A6-F70E0FFDD7E1}.Release|Any CPU.ActiveCfg = Release|Any CPU
		{EBBB7BF7-C65D-4D59-A7A6-F70E0FFDD7E1}.Release|Any CPU.Build.0 = Release|Any CPU
	EndGlobalSection
	GlobalSection(SolutionProperties) = preSolution
		HideSolutionNode = FALSE
	EndGlobalSection
	GlobalSection(ExtensibilityGlobals) = postSolution
		SolutionGuid = {A4472C4C-3D71-4683-87FE-954A63932E94}
	EndGlobalSection
EndGlobal
